
Microsoft Visual Studio Solution File, Format Version 12.00
# Visual Studio Version 17
VisualStudioVersion = 17.12.35527.113 d17.12
MinimumVisualStudioVersion = 10.0.40219.1
Project("{FAE04EC0-301F-11D3-BF4B-00C04F79EFBC}") = "C43-G01-EFCore03", "C43-G01-EFCore03.csproj", "{13DD1B9F-732F-4FF6-AB31-A4AC0C7C1D7F}"
EndProject
Global
	GlobalSection(SolutionConfigurationPlatforms) = preSolution
		Debug|Any CPU = Debug|Any CPU
		Release|Any CPU = Release|Any CPU
	EndGlobalSection
	GlobalSection(ProjectConfigurationPlatforms) = postSolution
		{13DD1B9F-732F-4FF6-AB31-A4AC0C7C1D7F}.Debug|Any CPU.ActiveCfg = Debug|Any CPU
		{13DD1B9F-732F-4FF6-AB31-A4AC0C7C1D7F}.Debug|Any CPU.Build.0 = Debug|Any CPU
		{13DD1B9F-732F-4FF6-AB31-A4AC0C7C1D7F}.Release|Any CPU.ActiveCfg = Release|Any CPU
		{13DD1B9F-732F-4FF6-AB31-A4AC0C7C1D7F}.Release|Any CPU.Build.0 = Release|Any CPU
	EndGlobalSection
	GlobalSection(SolutionProperties) = preSolution
		HideSolutionNode = FALSE
	EndGlobalSection
EndGlobal
